// !$*UTF8*$!
{
	archiveVersion = 1;
	classes = {
	};
	objectVersion = 46;
	objects = {

/* Begin PBXBuildFile section */
		BB2BED161D23921E00A608BB /* AppDelegate.swift in Sources */ = {isa = PBXBuildFile; fileRef = BB2BED151D23921E00A608BB /* AppDelegate.swift */; };
		BB2BED181D23921E00A608BB /* GameScene.sks in Resources */ = {isa = PBXBuildFile; fileRef = BB2BED171D23921E00A608BB /* GameScene.sks */; };
		BB2BED1A1D23921E00A608BB /* GameScene.swift in Sources */ = {isa = PBXBuildFile; fileRef = BB2BED191D23921E00A608BB /* GameScene.swift */; };
		BB2BED1C1D23921E00A608BB /* GameViewController.swift in Sources */ = {isa = PBXBuildFile; fileRef = BB2BED1B1D23921E00A608BB /* GameViewController.swift */; };
		BB2BED1F1D23921E00A608BB /* Main.storyboard in Resources */ = {isa = PBXBuildFile; fileRef = BB2BED1D1D23921E00A608BB /* Main.storyboard */; };
		BB2BED211D23921E00A608BB /* Assets.xcassets in Resources */ = {isa = PBXBuildFile; fileRef = BB2BED201D23921E00A608BB /* Assets.xcassets */; };
		BB2BED241D23921E00A608BB /* LaunchScreen.storyboard in Resources */ = {isa = PBXBuildFile; fileRef = BB2BED221D23921E00A608BB /* LaunchScreen.storyboard */; };
		BB2BED2C1D2392AB00A608BB /* Helper.swift in Sources */ = {isa = PBXBuildFile; fileRef = BB2BED2B1D2392AB00A608BB /* Helper.swift */; };
		BB2BED3C1D2392C400A608BB /* gameOver.png in Resources */ = {isa = PBXBuildFile; fileRef = BB2BED2E1D2392C400A608BB /* gameOver.png */; };
		BB2BED3D1D2392C400A608BB /* gameOver@2x.png in Resources */ = {isa = PBXBuildFile; fileRef = BB2BED2F1D2392C400A608BB /* gameOver@2x.png */; };
		BB2BED3E1D2392C400A608BB /* penguinEvil.png in Resources */ = {isa = PBXBuildFile; fileRef = BB2BED301D2392C400A608BB /* penguinEvil.png */; };
		BB2BED3F1D2392C400A608BB /* penguinEvil@2x.png in Resources */ = {isa = PBXBuildFile; fileRef = BB2BED311D2392C400A608BB /* penguinEvil@2x.png */; };
		BB2BED401D2392C400A608BB /* penguinGood.png in Resources */ = {isa = PBXBuildFile; fileRef = BB2BED321D2392C400A608BB /* penguinGood.png */; };
		BB2BED411D2392C400A608BB /* penguinGood@2x.png in Resources */ = {isa = PBXBuildFile; fileRef = BB2BED331D2392C400A608BB /* penguinGood@2x.png */; };
		BB2BED421D2392C400A608BB /* whack.caf in Resources */ = {isa = PBXBuildFile; fileRef = BB2BED341D2392C400A608BB /* whack.caf */; };
		BB2BED431D2392C400A608BB /* whackBackground.png in Resources */ = {isa = PBXBuildFile; fileRef = BB2BED351D2392C400A608BB /* whackBackground.png */; };
		BB2BED441D2392C400A608BB /* whackBackground@2x.png in Resources */ = {isa = PBXBuildFile; fileRef = BB2BED361D2392C400A608BB /* whackBackground@2x.png */; };
		BB2BED451D2392C400A608BB /* whackBad.caf in Resources */ = {isa = PBXBuildFile; fileRef = BB2BED371D2392C400A608BB /* whackBad.caf */; };
		BB2BED461D2392C400A608BB /* whackHole.png in Resources */ = {isa = PBXBuildFile; fileRef = BB2BED381D2392C400A608BB /* whackHole.png */; };
		BB2BED471D2392C400A608BB /* whackHole@2x.png in Resources */ = {isa = PBXBuildFile; fileRef = BB2BED391D2392C400A608BB /* whackHole@2x.png */; };
		BB2BED481D2392C400A608BB /* whackMask.png in Resources */ = {isa = PBXBuildFile; fileRef = BB2BED3A1D2392C400A608BB /* whackMask.png */; };
		BB2BED491D2392C400A608BB /* whackMask@2x.png in Resources */ = {isa = PBXBuildFile; fileRef = BB2BED3B1D2392C400A608BB /* whackMask@2x.png */; };
/* End PBXBuildFile section */

/* Begin PBXFileReference section */
		BB2BED121D23921E00A608BB /* Project14.app */ = {isa = PBXFileReference; explicitFileType = wrapper.application; includeInIndex = 0; path = Project14.app; sourceTree = BUILT_PRODUCTS_DIR; };
		BB2BED151D23921E00A608BB /* AppDelegate.swift */ = {isa = PBXFileReference; lastKnownFileType = sourcecode.swift; path = AppDelegate.swift; sourceTree = "<group>"; };
		BB2BED171D23921E00A608BB /* GameScene.sks */ = {isa = PBXFileReference; lastKnownFileType = file.sks; path = GameScene.sks; sourceTree = "<group>"; };
		BB2BED191D23921E00A608BB /* GameScene.swift */ = {isa = PBXFileReference; lastKnownFileType = sourcecode.swift; path = GameScene.swift; sourceTree = "<group>"; };
		BB2BED1B1D23921E00A608BB /* GameViewController.swift */ = {isa = PBXFileReference; lastKnownFileType = sourcecode.swift; path = GameViewController.swift; sourceTree = "<group>"; };
		BB2BED1E1D23921E00A608BB /* Base */ = {isa = PBXFileReference; lastKnownFileType = file.storyboard; name = Base; path = Base.lproj/Main.storyboard; sourceTree = "<group>"; };
		BB2BED201D23921E00A608BB /* Assets.xcassets */ = {isa = PBXFileReference; lastKnownFileType = folder.assetcatalog; path = Assets.xcassets; sourceTree = "<group>"; };
		BB2BED231D23921E00A608BB /* Base */ = {isa = PBXFileReference; lastKnownFileType = file.storyboard; name = Base; path = Base.lproj/LaunchScreen.storyboard; sourceTree = "<group>"; };
		BB2BED251D23921E00A608BB /* Info.plist */ = {isa = PBXFileReference; lastKnownFileType = text.plist.xml; path = Info.plist; sourceTree = "<group>"; };
		BB2BED2B1D2392AB00A608BB /* Helper.swift */ = {isa = PBXFileReference; fileEncoding = 4; lastKnownFileType = sourcecode.swift; path = Helper.swift; sourceTree = "<group>"; };
		BB2BED2E1D2392C400A608BB /* gameOver.png */ = {isa = PBXFileReference; lastKnownFileType = image.png; path = gameOver.png; sourceTree = "<group>"; };
		BB2BED2F1D2392C400A608BB /* gameOver@2x.png */ = {isa = PBXFileReference; lastKnownFileType = image.png; path = "gameOver@2x.png"; sourceTree = "<group>"; };
		BB2BED301D2392C400A608BB /* penguinEvil.png */ = {isa = PBXFileReference; lastKnownFileType = image.png; path = penguinEvil.png; sourceTree = "<group>"; };
		BB2BED311D2392C400A608BB /* penguinEvil@2x.png */ = {isa = PBXFileReference; lastKnownFileType = image.png; path = "penguinEvil@2x.png"; sourceTree = "<group>"; };
		BB2BED321D2392C400A608BB /* penguinGood.png */ = {isa = PBXFileReference; lastKnownFileType = image.png; path = penguinGood.png; sourceTree = "<group>"; };
		BB2BED331D2392C400A608BB /* penguinGood@2x.png */ = {isa = PBXFileReference; lastKnownFileType = image.png; path = "penguinGood@2x.png"; sourceTree = "<group>"; };
		BB2BED341D2392C400A608BB /* whack.caf */ = {isa = PBXFileReference; lastKnownFileType = file; path = whack.caf; sourceTree = "<group>"; };
		BB2BED351D2392C400A608BB /* whackBackground.png */ = {isa = PBXFileReference; lastKnownFileType = image.png; path = whackBackground.png; sourceTree = "<group>"; };
		BB2BED361D2392C400A608BB /* whackBackground@2x.png */ = {isa = PBXFileReference; lastKnownFileType = image.png; path = "whackBackground@2x.png"; sourceTree = "<group>"; };
		BB2BED371D2392C400A608BB /* whackBad.caf */ = {isa = PBXFileReference; lastKnownFileType = file; path = whackBad.caf; sourceTree = "<group>"; };
		BB2BED381D2392C400A608BB /* whackHole.png */ = {isa = PBXFileReference; lastKnownFileType = image.png; path = whackHole.png; sourceTree = "<group>"; };
		BB2BED391D2392C400A608BB /* whackHole@2x.png */ = {isa = PBXFileReference; lastKnownFileType = image.png; path = "whackHole@2x.png"; sourceTree = "<group>"; };
		BB2BED3A1D2392C400A608BB /* whackMask.png */ = {isa = PBXFileReference; lastKnownFileType = image.png; path = whackMask.png; sourceTree = "<group>"; };
		BB2BED3B1D2392C400A608BB /* whackMask@2x.png */ = {isa = PBXFileReference; lastKnownFileType = image.png; path = "whackMask@2x.png"; sourceTree = "<group>"; };
/* End PBXFileReference section */

/* Begin PBXFrameworksBuildPhase section */
		BB2BED0F1D23921E00A608BB /* Frameworks */ = {
			isa = PBXFrameworksBuildPhase;
			buildActionMask = 2147483647;
			files = (
			);
			runOnlyForDeploymentPostprocessing = 0;
		};
/* End PBXFrameworksBuildPhase section */

/* Begin PBXGroup section */
		BB2BED091D23921E00A608BB = {
			isa = PBXGroup;
			children = (
				BB2BED141D23921E00A608BB /* Project14 */,
				BB2BED131D23921E00A608BB /* Products */,
			);
			sourceTree = "<group>";
		};
		BB2BED131D23921E00A608BB /* Products */ = {
			isa = PBXGroup;
			children = (
				BB2BED121D23921E00A608BB /* Project14.app */,
			);
			name = Products;
			sourceTree = "<group>";
		};
		BB2BED141D23921E00A608BB /* Project14 */ = {
			isa = PBXGroup;
			children = (
				BB2BED151D23921E00A608BB /* AppDelegate.swift */,
				BB2BED171D23921E00A608BB /* GameScene.sks */,
				BB2BED191D23921E00A608BB /* GameScene.swift */,
				BB2BED1B1D23921E00A608BB /* GameViewController.swift */,
				BB2BED1D1D23921E00A608BB /* Main.storyboard */,
				BB2BED201D23921E00A608BB /* Assets.xcassets */,
				BB2BED221D23921E00A608BB /* LaunchScreen.storyboard */,
				BB2BED2D1D2392C400A608BB /* Content */,
				BB2BED2B1D2392AB00A608BB /* Helper.swift */,
				BB2BED251D23921E00A608BB /* Info.plist */,
			);
			path = Project14;
			sourceTree = "<group>";
		};
		BB2BED2D1D2392C400A608BB /* Content */ = {
			isa = PBXGroup;
			children = (
				BB2BED2E1D2392C400A608BB /* gameOver.png */,
				BB2BED2F1D2392C400A608BB /* gameOver@2x.png */,
				BB2BED301D2392C400A608BB /* penguinEvil.png */,
				BB2BED311D2392C400A608BB /* penguinEvil@2x.png */,
				BB2BED321D2392C400A608BB /* penguinGood.png */,
				BB2BED331D2392C400A608BB /* penguinGood@2x.png */,
				BB2BED341D2392C400A608BB /* whack.caf */,
				BB2BED351D2392C400A608BB /* whackBackground.png */,
				BB2BED361D2392C400A608BB /* whackBackground@2x.png */,
				BB2BED371D2392C400A608BB /* whackBad.caf */,
				BB2BED381D2392C400A608BB /* whackHole.png */,
				BB2BED391D2392C400A608BB /* whackHole@2x.png */,
				BB2BED3A1D2392C400A608BB /* whackMask.png */,
				BB2BED3B1D2392C400A608BB /* whackMask@2x.png */,
			);
			path = Content;
			sourceTree = "<group>";
		};
/* End PBXGroup section */

/* Begin PBXNativeTarget section */
		BB2BED111D23921E00A608BB /* Project14 */ = {
			isa = PBXNativeTarget;
			buildConfigurationList = BB2BED281D23921E00A608BB /* Build configuration list for PBXNativeTarget "Project14" */;
			buildPhases = (
				BB2BED0E1D23921E00A608BB /* Sources */,
				BB2BED0F1D23921E00A608BB /* Frameworks */,
				BB2BED101D23921E00A608BB /* Resources */,
			);
			buildRules = (
			);
			dependencies = (
			);
			name = Project14;
			productName = Project14;
			productReference = BB2BED121D23921E00A608BB /* Project14.app */;
			productType = "com.apple.product-type.application";
		};
/* End PBXNativeTarget section */

/* Begin PBXProject section */
		BB2BED0A1D23921E00A608BB /* Project object */ = {
			isa = PBXProject;
			attributes = {
				LastSwiftUpdateCheck = 0730;
				LastUpgradeCheck = 0730;
				ORGANIZATIONNAME = LambaG;
				TargetAttributes = {
					BB2BED111D23921E00A608BB = {
						CreatedOnToolsVersion = 7.3.1;
					};
				};
			};
			buildConfigurationList = BB2BED0D1D23921E00A608BB /* Build configuration list for PBXProject "Project14" */;
			compatibilityVersion = "Xcode 3.2";
			developmentRegion = English;
			hasScannedForEncodings = 0;
			knownRegions = (
				en,
				Base,
			);
			mainGroup = BB2BED091D23921E00A608BB;
			productRefGroup = BB2BED131D23921E00A608BB /* Products */;
			projectDirPath = "";
			projectRoot = "";
			targets = (
				BB2BED111D23921E00A608BB /* Project14 */,
			);
		};
/* End PBXProject section */

/* Begin PBXResourcesBuildPhase section */
		BB2BED101D23921E00A608BB /* Resources */ = {
			isa = PBXResourcesBuildPhase;
			buildActionMask = 2147483647;
			files = (
				BB2BED3C1D2392C400A608BB /* gameOver.png in Resources */,
				BB2BED181D23921E00A608BB /* GameScene.sks in Resources */,
				BB2BED3D1D2392C400A608BB /* gameOver@2x.png in Resources */,
				BB2BED481D2392C400A608BB /* whackMask.png in Resources */,
				BB2BED471D2392C400A608BB /* whackHole@2x.png in Resources */,
				BB2BED241D23921E00A608BB /* LaunchScreen.storyboard in Resources */,
				BB2BED461D2392C400A608BB /* whackHole.png in Resources */,
				BB2BED441D2392C400A608BB /* whackBackground@2x.png in Resources */,
				BB2BED431D2392C400A608BB /* whackBackground.png in Resources */,
				BB2BED211D23921E00A608BB /* Assets.xcassets in Resources */,
				BB2BED3F1D2392C400A608BB /* penguinEvil@2x.png in Resources */,
				BB2BED3E1D2392C400A608BB /* penguinEvil.png in Resources */,
				BB2BED1F1D23921E00A608BB /* Main.storyboard in Resources */,
				BB2BED491D2392C400A608BB /* whackMask@2x.png in Resources */,
				BB2BED421D2392C400A608BB /* whack.caf in Resources */,
				BB2BED411D2392C400A608BB /* penguinGood@2x.png in Resources */,
				BB2BED401D2392C400A608BB /* penguinGood.png in Resources */,
				BB2BED451D2392C400A608BB /* whackBad.caf in Resources */,
			);
			runOnlyForDeploymentPostprocessing = 0;
		};
/* End PBXResourcesBuildPhase section */

/* Begin PBXSourcesBuildPhase section */
		BB2BED0E1D23921E00A608BB /* Sources */ = {
			isa = PBXSourcesBuildPhase;
			buildActionMask = 2147483647;
			files = (
				BB2BED1A1D23921E00A608BB /* GameScene.swift in Sources */,
				BB2BED1C1D23921E00A608BB /* GameViewController.swift in Sources */,
				BB2BED161D23921E00A608BB /* AppDelegate.swift in Sources */,
				BB2BED2C1D2392AB00A608BB /* Helper.swift in Sources */,
			);
			runOnlyForDeploymentPostprocessing = 0;
		};
/* End PBXSourcesBuildPhase section */

/* Begin PBXVariantGroup section */
		BB2BED1D1D23921E00A608BB /* Main.storyboard */ = {
			isa = PBXVariantGroup;
			children = (
				BB2BED1E1D23921E00A608BB /* Base */,
			);
			name = Main.storyboard;
			sourceTree = "<group>";
		};
		BB2BED221D23921E00A608BB /* LaunchScreen.storyboard */ = {
			isa = PBXVariantGroup;
			children = (
				BB2BED231D23921E00A608BB /* Base */,
			);
			name = LaunchScreen.storyboard;
			sourceTree = "<group>";
		};
/* End PBXVariantGroup section */

/* Begin XCBuildConfiguration section */
		BB2BED261D23921E00A608BB /* Debug */ = {
			isa = XCBuildConfiguration;
			buildSettings = {
				ALWAYS_SEARCH_USER_PATHS = NO;
				CLANG_ANALYZER_NONNULL = YES;
				CLANG_CXX_LANGUAGE_STANDARD = "gnu++0x";
				CLANG_CXX_LIBRARY = "libc++";
				CLANG_ENABLE_MODULES = YES;
				CLANG_ENABLE_OBJC_ARC = YES;
				CLANG_WARN_BOOL_CONVERSION = YES;
				CLANG_WARN_CONSTANT_CONVERSION = YES;
				CLANG_WARN_DIRECT_OBJC_ISA_USAGE = YES_ERROR;
				CLANG_WARN_EMPTY_BODY = YES;
				CLANG_WARN_ENUM_CONVERSION = YES;
				CLANG_WARN_INT_CONVERSION = YES;
				CLANG_WARN_OBJC_ROOT_CLASS = YES_ERROR;
				CLANG_WARN_UNREACHABLE_CODE = YES;
				CLANG_WARN__DUPLICATE_METHOD_MATCH = YES;
				"CODE_SIGN_IDENTITY[sdk=iphoneos*]" = "iPhone Developer";
				COPY_PHASE_STRIP = NO;
				DEBUG_INFORMATION_FORMAT = "dwarf-with-dsym";
				ENABLE_STRICT_OBJC_MSGSEND = YES;
				ENABLE_TESTABILITY = YES;
				GCC_C_LANGUAGE_STANDARD = gnu99;
				GCC_DYNAMIC_NO_PIC = NO;
				GCC_NO_COMMON_BLOCKS = YES;
				GCC_OPTIMIZATION_LEVEL = 0;
				GCC_PREPROCESSOR_DEFINITIONS = (
					"DEBUG=1",
					"$(inherited)",
				);
				GCC_WARN_64_TO_32_BIT_CONVERSION = YES;
				GCC_WARN_ABOUT_RETURN_TYPE = YES_ERROR;
				GCC_WARN_UNDECLARED_SELECTOR = YES;
				GCC_WARN_UNINITIALIZED_AUTOS = YES_AGGRESSIVE;
				GCC_WARN_UNUSED_FUNCTION = YES;
				GCC_WARN_UNUSED_VARIABLE = YES;
				IPHONEOS_DEPLOYMENT_TARGET = 9.3;
				MTL_ENABLE_DEBUG_INFO = YES;
				ONLY_ACTIVE_ARCH = YES;
				SDKROOT = iphoneos;
				SWIFT_OPTIMIZATION_LEVEL = "-Onone";
				TARGETED_DEVICE_FAMILY = 2;
			};
			name = Debug;
		};
		BB2BED271D23921E00A608BB /* Release */ = {
			isa = XCBuildConfiguration;
			buildSettings = {
				ALWAYS_SEARCH_USER_PATHS = NO;
				CLANG_ANALYZER_NONNULL = YES;
				CLANG_CXX_LANGUAGE_STANDARD = "gnu++0x";
				CLANG_CXX_LIBRARY = "libc++";
				CLANG_ENABLE_MODULES = YES;
				CLANG_ENABLE_OBJC_ARC = YES;
				CLANG_WARN_BOOL_CONVERSION = YES;
				CLANG_WARN_CONSTANT_CONVERSION = YES;
				CLANG_WARN_DIRECT_OBJC_ISA_USAGE = YES_ERROR;
				CLANG_WARN_EMPTY_BODY = YES;
				CLANG_WARN_ENUM_CONVERSION = YES;
				CLANG_WARN_INT_CONVERSION = YES;
				CLANG_WARN_OBJC_ROOT_CLASS = YES_ERROR;
				CLANG_WARN_UNREACHABLE_CODE = YES;
				CLANG_WARN__DUPLICATE_METHOD_MATCH = YES;
				"CODE_SIGN_IDENTITY[sdk=iphoneos*]" = "iPhone Developer";
				COPY_PHASE_STRIP = NO;
				DEBUG_INFORMATION_FORMAT = "dwarf-with-dsym";
				ENABLE_NS_ASSERTIONS = NO;
				ENABLE_STRICT_OBJC_MSGSEND = YES;
				GCC_C_LANGUAGE_STANDARD = gnu99;
				GCC_NO_COMMON_BLOCKS = YES;
				GCC_WARN_64_TO_32_BIT_CONVERSION = YES;
				GCC_WARN_ABOUT_RETURN_TYPE = YES_ERROR;
				GCC_WARN_UNDECLARED_SELECTOR = YES;
				GCC_WARN_UNINITIALIZED_AUTOS = YES_AGGRESSIVE;
				GCC_WARN_UNUSED_FUNCTION = YES;
				GCC_WARN_UNUSED_VARIABLE = YES;
				IPHONEOS_DEPLOYMENT_TARGET = 9.3;
				MTL_ENABLE_DEBUG_INFO = NO;
				SDKROOT = iphoneos;
				TARGETED_DEVICE_FAMILY = 2;
				VALIDATE_PRODUCT = YES;
			};
			name = Release;
		};
		BB2BED291D23921E00A608BB /* Debug */ = {
			isa = XCBuildConfiguration;
			buildSettings = {
				ASSETCATALOG_COMPILER_APPICON_NAME = AppIcon;
				INFOPLIST_FILE = Project14/Info.plist;
				LD_RUNPATH_SEARCH_PATHS = "$(inherited) @executable_path/Frameworks";
				PRODUCT_BUNDLE_IDENTIFIER = com.lambag.Project14;
				PRODUCT_NAME = "$(TARGET_NAME)";
			};
			name = Debug;
		};
		BB2BED2A1D23921E00A608BB /* Release */ = {
			isa = XCBuildConfiguration;
			buildSettings = {
				ASSETCATALOG_COMPILER_APPICON_NAME = AppIcon;
				INFOPLIST_FILE = Project14/Info.plist;
				LD_RUNPATH_SEARCH_PATHS = "$(inherited) @executable_path/Frameworks";
				PRODUCT_BUNDLE_IDENTIFIER = com.lambag.Project14;
				PRODUCT_NAME = "$(TARGET_NAME)";
			};
			name = Release;
		};
/* End XCBuildConfiguration section */

/* Begin XCConfigurationList section */
		BB2BED0D1D23921E00A608BB /* Build configuration list for PBXProject "Project14" */ = {
			isa = XCConfigurationList;
			buildConfigurations = (
				BB2BED261D23921E00A608BB /* Debug */,
				BB2BED271D23921E00A608BB /* Release */,
			);
			defaultConfigurationIsVisible = 0;
			defaultConfigurationName = Release;
		};
		BB2BED281D23921E00A608BB /* Build configuration list for PBXNativeTarget "Project14" */ = {
			isa = XCConfigurationList;
			buildConfigurations = (
				BB2BED291D23921E00A608BB /* Debug */,
				BB2BED2A1D23921E00A608BB /* Release */,
			);
			defaultConfigurationIsVisible = 0;
		};
/* End XCConfigurationList section */
	};
	rootObject = BB2BED0A1D23921E00A608BB /* Project object */;
}
